
Microsoft Visual Studio Solution File, Format Version 12.00
# Visual Studio Version 17
VisualStudioVersion = 17.13.35931.197 d17.13
MinimumVisualStudioVersion = 10.0.40219.1
Project("{FAE04EC0-301F-11D3-BF4B-00C04F79EFBC}") = "ApplicationLayer", "ApplicationLayer.csproj", "{6414FE2E-7DB2-4225-ABC1-530BED9A3B5D}"
EndProject
Project("{FAE04EC0-301F-11D3-BF4B-00C04F79EFBC}") = "DataAcessLayer", "..\DataAcessLayer\DataAcessLayer.csproj", "{FD903B03-B10F-4E9B-805F-E48CEEF41E60}"
EndProject
Project("{FAE04EC0-301F-11D3-BF4B-00C04F79EFBC}") = "DataBuessinesLayer", "..\DataBuessinesLayer\DataBuessinesLayer.csproj", "{2C0192C3-4C5D-4D14-9053-7EECFA6AB6C8}"
EndProject
Global
	GlobalSection(SolutionConfigurationPlatforms) = preSolution
		Debug|Any CPU = Debug|Any CPU
		Release|Any CPU = Release|Any CPU
	EndGlobalSection
	GlobalSection(ProjectConfigurationPlatforms) = postSolution
		{6414FE2E-7DB2-4225-ABC1-530BED9A3B5D}.Debug|Any CPU.ActiveCfg = Debug|Any CPU
		{6414FE2E-7DB2-4225-ABC1-530BED9A3B5D}.Debug|Any CPU.Build.0 = Debug|Any CPU
		{6414FE2E-7DB2-4225-ABC1-530BED9A3B5D}.Release|Any CPU.ActiveCfg = Release|Any CPU
		{6414FE2E-7DB2-4225-ABC1-530BED9A3B5D}.Release|Any CPU.Build.0 = Release|Any CPU
		{FD903B03-B10F-4E9B-805F-E48CEEF41E60}.Debug|Any CPU.ActiveCfg = Debug|Any CPU
		{FD903B03-B10F-4E9B-805F-E48CEEF41E60}.Debug|Any CPU.Build.0 = Debug|Any CPU
		{FD903B03-B10F-4E9B-805F-E48CEEF41E60}.Release|Any CPU.ActiveCfg = Release|Any CPU
		{FD903B03-B10F-4E9B-805F-E48CEEF41E60}.Release|Any CPU.Build.0 = Release|Any CPU
		{2C0192C3-4C5D-4D14-9053-7EECFA6AB6C8}.Debug|Any CPU.ActiveCfg = Debug|Any CPU
		{2C0192C3-4C5D-4D14-9053-7EECFA6AB6C8}.Debug|Any CPU.Build.0 = Debug|Any CPU
		{2C0192C3-4C5D-4D14-9053-7EECFA6AB6C8}.Release|Any CPU.ActiveCfg = Release|Any CPU
		{2C0192C3-4C5D-4D14-9053-7EECFA6AB6C8}.Release|Any CPU.Build.0 = Release|Any CPU
	EndGlobalSection
	GlobalSection(SolutionProperties) = preSolution
		HideSolutionNode = FALSE
	EndGlobalSection
	GlobalSection(ExtensibilityGlobals) = postSolution
		SolutionGuid = {90D9FB4C-729B-4315-A962-8A50A5CAC24B}
	EndGlobalSection
EndGlobal
